{
  "version": 4,
  "terraform_version": "1.9.2",
  "serial": 69,
  "lineage": "c40c548c-0ea4-8f7b-9684-d5ff19c30625",
  "outputs": {},
  "resources": [
    {
      "mode": "managed",
      "type": "azurerm_linux_virtual_machine",
      "name": "vm-linux-prj",
      "provider": "provider[\"registry.terraform.io/hashicorp/azurerm\"]",
      "instances": [
        {
          "schema_version": 0,
          "attributes": {
            "additional_capabilities": [],
            "admin_password": "Simeia@123",
            "admin_ssh_key": [],
            "admin_username": "simeia-macedo",
            "allow_extension_operations": true,
            "availability_set_id": "",
            "boot_diagnostics": [],
            "bypass_platform_safety_checks_on_user_schedule_enabled": false,
            "capacity_reservation_group_id": "",
            "computer_name": "simeia-server",
            "custom_data": "IyEvYmluL2Jhc2gKIyBJbnN0YWxhw6fDo28gZG8gRG9ja2VyCnNldCAtZQoKYXB0LWdldCB1cGRhdGUKYXB0LWdldCBpbnN0YWxsIC15IGFwdC10cmFuc3BvcnQtaHR0cHMgY2EtY2VydGlmaWNhdGVzIGN1cmwgc29mdHdhcmUtcHJvcGVydGllcy1jb21tb24KY3VybCAtZnNTTCBodHRwczovL2Rvd25sb2FkLmRvY2tlci5jb20vbGludXgvdWJ1bnR1L2dwZyB8IGFwdC1rZXkgYWRkIC0KYWRkLWFwdC1yZXBvc2l0b3J5IC15ICJkZWIgW2FyY2g9YW1kNjRdIGh0dHBzOi8vZG93bmxvYWQuZG9ja2VyLmNvbS9saW51eC91YnVudHUgJChsc2JfcmVsZWFzZSAtY3MpIHN0YWJsZSIKYXB0LWdldCB1cGRhdGUgLXkKYXB0LWdldCBpbnN0YWxsIC15IGRvY2tlci1jZQpzeXN0ZW1jdGwgc3RhcnQgZG9ja2VyCnN5c3RlbWN0bCBlbmFibGUgZG9ja2VyCgojIEluc3RhbGHDp8OjbyBkbyBDdXJsCnN1ZG8gYXB0IGluc3RhbGwgLXkgY3VybAogCiMgSW5zdGFsYcOnw6NvIGRvIERvY2tlciBDb21wb3NlIApzdWRvIGN1cmwgLUwgImh0dHBzOi8vZ2l0aHViLmNvbS9kb2NrZXIvY29tcG9zZS9yZWxlYXNlcy9kb3dubG9hZC92Mi4yOS4xL2RvY2tlci1jb21wb3NlLSQodW5hbWUgLXMpLSQodW5hbWUgLW0pIiAtbyAvdXNyL2xvY2FsL2Jpbi9kb2NrZXItY29tcG9zZQoKIyBEYW5kbyBwZXJtaXPDo28gZGUgZXhlY3XDp8OjbyBhbyBEb2NrZXItY29tcG9zZQpjaG1vZCAreCAvdXNyL2xvY2FsL2Jpbi9kb2NrZXItY29tcG9zZQoKIyBDcmlhw6fDo28gZGEgcGFzdGEgZGEgYXBsaWNhw6fDtWVzCm1rZGlyIC9vcHQvYXBsaWNhY29lcwoKIyBDcmlhciBvIGFycXVpdm8gZG9ja2VyLWNvbXBvc2UueW1sCmNhdCA8PEVPRiA+IC9vcHQvYXBsaWNhY29lcy9kb2NrZXItY29tcG9zZS55bWwKdmVyc2lvbjogJzMuOCcKCnNlcnZpY2VzOgogIGRiOgogICAgaW1hZ2U6IG15c3FsOjUuNwogICAgdm9sdW1lczoKICAgICAgLSBkYl9kYXRhOi92YXIvbGliL215c3FsCiAgICByZXN0YXJ0OiBhbHdheXMKICAgIGVudmlyb25tZW50OgogICAgICBNWVNRTF9ST09UX1BBU1NXT1JEOiBleGFtcGxlCiAgICAgIE1ZU1FMX0RBVEFCQVNFOiB3b3JkcHJlc3MKICAgICAgTVlTUUxfVVNFUjogcm9vdAogICAgICBNWVNRTF9QQVNTV09SRDogR0F1ZDRtWmJ5OEYzU0Q2UAoKICB3b3JkcHJlc3M6CiAgICBpbWFnZTogd29yZHByZXNzOmxhdGVzdAogICAgdm9sdW1lczoKICAgICAgLSB3b3JkcHJlc3NfZGF0YTovdmFyL3d3dy9odG1sCiAgICBwb3J0czoKICAgICAgLSAiODA4MDo4MCIKICAgIHJlc3RhcnQ6IGFsd2F5cwogICAgZW52aXJvbm1lbnQ6CiAgICAgIFdPUkRQUkVTU19EQl9IT1NUOiBkYjozMzA2CiAgICAgIFdPUkRQUkVTU19EQl9VU0VSOiB3b3JkcHJlc3MKICAgICAgV09SRFBSRVNTX0RCX1BBU1NXT1JEOiBHQXVkNG1aYnk4RjNTRDZQCiAgICAgIFdPUkRQUkVTU19EQl9OQU1FOiByb290Cgp2b2x1bWVzOgogIGRiX2RhdGE6CiAgd29yZHByZXNzX2RhdGE6CkVPRgoKIyBJbmljaWFyIG9zIGNvbnRhaW5lcnMgY29tIG8gRG9ja2VyIENvbXBvc2UKY2QgL29wdC9hcGxpY2Fjb2VzCmRvY2tlci1jb21wb3NlIHVwIC1kCg==",
            "dedicated_host_group_id": "",
            "dedicated_host_id": "",
            "disable_password_authentication": false,
            "disk_controller_type": "SCSI",
            "edge_zone": "",
            "encryption_at_host_enabled": false,
            "eviction_policy": "",
            "extensions_time_budget": "PT1H30M",
            "gallery_application": [],
            "id": "/subscriptions/1cefc7c3-d7e1-41da-a8fc-b5f51665a363/resourceGroups/rg-prj-minsait/providers/Microsoft.Compute/virtualMachines/vm-linux-prj-minsait",
            "identity": [],
            "license_type": "",
            "location": "brazilsouth",
            "max_bid_price": -1,
            "name": "vm-linux-prj-minsait",
            "network_interface_ids": [
              "/subscriptions/1cefc7c3-d7e1-41da-a8fc-b5f51665a363/resourceGroups/rg-prj-minsait/providers/Microsoft.Network/networkInterfaces/nic-prj-minsait"
            ],
            "os_disk": [
              {
                "caching": "ReadWrite",
                "diff_disk_settings": [],
                "disk_encryption_set_id": "",
                "disk_size_gb": 30,
                "name": "os-disc-linux-prj-minsait",
                "secure_vm_disk_encryption_set_id": "",
                "security_encryption_type": "",
                "storage_account_type": "Standard_LRS",
                "write_accelerator_enabled": false
              }
            ],
            "os_image_notification": [],
            "patch_assessment_mode": "ImageDefault",
            "patch_mode": "ImageDefault",
            "plan": [],
            "platform_fault_domain": -1,
            "priority": "Regular",
            "private_ip_address": "10.0.2.4",
            "private_ip_addresses": [
              "10.0.2.4"
            ],
            "provision_vm_agent": true,
            "proximity_placement_group_id": "",
            "public_ip_address": "191.232.177.158",
            "public_ip_addresses": [
              "191.232.177.158"
            ],
            "reboot_setting": "",
            "resource_group_name": "rg-prj-minsait",
            "secret": [],
            "secure_boot_enabled": false,
            "size": "Standard_B1s",
            "source_image_id": "",
            "source_image_reference": [
              {
                "offer": "0001-com-ubuntu-server-jammy",
                "publisher": "Canonical",
                "sku": "22_04-lts-gen2",
                "version": "latest"
              }
            ],
            "tags": {
              "environment": "ambiente-de-teste"
            },
            "termination_notification": null,
            "timeouts": null,
            "user_data": "",
            "virtual_machine_id": "178a338b-6e79-4e30-8516-84b09061e72d",
            "virtual_machine_scale_set_id": "",
            "vm_agent_platform_updates_enabled": false,
            "vtpm_enabled": false,
            "zone": ""
          },
          "sensitive_attributes": [
            [
              {
                "type": "get_attr",
                "value": "admin_password"
              }
            ],
            [
              {
                "type": "get_attr",
                "value": "custom_data"
              }
            ]
          ],
          "private": "eyJlMmJmYjczMC1lY2FhLTExZTYtOGY4OC0zNDM2M2JjN2M0YzAiOnsiY3JlYXRlIjoyNzAwMDAwMDAwMDAwLCJkZWxldGUiOjI3MDAwMDAwMDAwMDAsInJlYWQiOjMwMDAwMDAwMDAwMCwidXBkYXRlIjoyNzAwMDAwMDAwMDAwfX0=",
          "dependencies": [
            "azurerm_network_interface.nic-prj",
            "azurerm_public_ip.pip-prj",
            "azurerm_resource_group.rg-prj",
            "azurerm_subnet.sub-prj",
            "azurerm_virtual_network.vnet-prj"
          ]
        }
      ]
    },
    {
      "mode": "managed",
      "type": "azurerm_network_interface",
      "name": "nic-prj",
      "provider": "provider[\"registry.terraform.io/hashicorp/azurerm\"]",
      "instances": [
        {
          "schema_version": 0,
          "attributes": {
            "accelerated_networking_enabled": false,
            "applied_dns_servers": [],
            "auxiliary_mode": "",
            "auxiliary_sku": "",
            "dns_servers": [],
            "edge_zone": "",
            "enable_accelerated_networking": false,
            "enable_ip_forwarding": false,
            "id": "/subscriptions/1cefc7c3-d7e1-41da-a8fc-b5f51665a363/resourceGroups/rg-prj-minsait/providers/Microsoft.Network/networkInterfaces/nic-prj-minsait",
            "internal_dns_name_label": "",
            "internal_domain_name_suffix": "tw0qs1aqiwsuffpiw02pxlupch.nx.internal.cloudapp.net",
            "ip_configuration": [
              {
                "gateway_load_balancer_frontend_ip_configuration_id": "",
                "name": "ip-prj-minsait",
                "primary": true,
                "private_ip_address": "10.0.2.4",
                "private_ip_address_allocation": "Dynamic",
                "private_ip_address_version": "IPv4",
                "public_ip_address_id": "/subscriptions/1cefc7c3-d7e1-41da-a8fc-b5f51665a363/resourceGroups/rg-prj-minsait/providers/Microsoft.Network/publicIPAddresses/pip-prj-minsait",
                "subnet_id": "/subscriptions/1cefc7c3-d7e1-41da-a8fc-b5f51665a363/resourceGroups/rg-prj-minsait/providers/Microsoft.Network/virtualNetworks/vnet-prj-minsait/subnets/sub-prj-minsait"
              }
            ],
            "ip_forwarding_enabled": false,
            "location": "brazilsouth",
            "mac_address": "00-22-48-37-26-E6",
            "name": "nic-prj-minsait",
            "private_ip_address": "10.0.2.4",
            "private_ip_addresses": [
              "10.0.2.4"
            ],
            "resource_group_name": "rg-prj-minsait",
            "tags": {},
            "timeouts": null,
            "virtual_machine_id": "/subscriptions/1cefc7c3-d7e1-41da-a8fc-b5f51665a363/resourceGroups/rg-prj-minsait/providers/Microsoft.Compute/virtualMachines/vm-linux-prj-minsait"
          },
          "sensitive_attributes": [],
          "private": "eyJlMmJmYjczMC1lY2FhLTExZTYtOGY4OC0zNDM2M2JjN2M0YzAiOnsiY3JlYXRlIjoxODAwMDAwMDAwMDAwLCJkZWxldGUiOjE4MDAwMDAwMDAwMDAsInJlYWQiOjMwMDAwMDAwMDAwMCwidXBkYXRlIjoxODAwMDAwMDAwMDAwfX0=",
          "dependencies": [
            "azurerm_public_ip.pip-prj",
            "azurerm_resource_group.rg-prj",
            "azurerm_subnet.sub-prj",
            "azurerm_virtual_network.vnet-prj"
          ]
        }
      ]
    },
    {
      "mode": "managed",
      "type": "azurerm_public_ip",
      "name": "pip-prj",
      "provider": "provider[\"registry.terraform.io/hashicorp/azurerm\"]",
      "instances": [
        {
          "schema_version": 0,
          "attributes": {
            "allocation_method": "Static",
            "ddos_protection_mode": "VirtualNetworkInherited",
            "ddos_protection_plan_id": null,
            "domain_name_label": null,
            "edge_zone": "",
            "fqdn": null,
            "id": "/subscriptions/1cefc7c3-d7e1-41da-a8fc-b5f51665a363/resourceGroups/rg-prj-minsait/providers/Microsoft.Network/publicIPAddresses/pip-prj-minsait",
            "idle_timeout_in_minutes": 4,
            "ip_address": "191.232.177.158",
            "ip_tags": {},
            "ip_version": "IPv4",
            "location": "brazilsouth",
            "name": "pip-prj-minsait",
            "public_ip_prefix_id": null,
            "resource_group_name": "rg-prj-minsait",
            "reverse_fqdn": null,
            "sku": "Basic",
            "sku_tier": "Regional",
            "tags": {},
            "timeouts": null,
            "zones": []
          },
          "sensitive_attributes": [],
          "private": "eyJlMmJmYjczMC1lY2FhLTExZTYtOGY4OC0zNDM2M2JjN2M0YzAiOnsiY3JlYXRlIjoxODAwMDAwMDAwMDAwLCJkZWxldGUiOjE4MDAwMDAwMDAwMDAsInJlYWQiOjMwMDAwMDAwMDAwMCwidXBkYXRlIjoxODAwMDAwMDAwMDAwfX0=",
          "dependencies": [
            "azurerm_resource_group.rg-prj"
          ]
        }
      ]
    },
    {
      "mode": "managed",
      "type": "azurerm_resource_group",
      "name": "rg-prj",
      "provider": "provider[\"registry.terraform.io/hashicorp/azurerm\"]",
      "instances": [
        {
          "schema_version": 0,
          "attributes": {
            "id": "/subscriptions/1cefc7c3-d7e1-41da-a8fc-b5f51665a363/resourceGroups/rg-prj-minsait",
            "location": "brazilsouth",
            "managed_by": "",
            "name": "rg-prj-minsait",
            "tags": {},
            "timeouts": null
          },
          "sensitive_attributes": [],
          "private": "eyJlMmJmYjczMC1lY2FhLTExZTYtOGY4OC0zNDM2M2JjN2M0YzAiOnsiY3JlYXRlIjo1NDAwMDAwMDAwMDAwLCJkZWxldGUiOjU0MDAwMDAwMDAwMDAsInJlYWQiOjMwMDAwMDAwMDAwMCwidXBkYXRlIjo1NDAwMDAwMDAwMDAwfX0="
        }
      ]
    },
    {
      "mode": "managed",
      "type": "azurerm_subnet",
      "name": "sub-prj",
      "provider": "provider[\"registry.terraform.io/hashicorp/azurerm\"]",
      "instances": [
        {
          "schema_version": 0,
          "attributes": {
            "address_prefixes": [
              "10.0.2.0/24"
            ],
            "default_outbound_access_enabled": true,
            "delegation": [],
            "enforce_private_link_endpoint_network_policies": false,
            "enforce_private_link_service_network_policies": false,
            "id": "/subscriptions/1cefc7c3-d7e1-41da-a8fc-b5f51665a363/resourceGroups/rg-prj-minsait/providers/Microsoft.Network/virtualNetworks/vnet-prj-minsait/subnets/sub-prj-minsait",
            "name": "sub-prj-minsait",
            "private_endpoint_network_policies": "Enabled",
            "private_endpoint_network_policies_enabled": true,
            "private_link_service_network_policies_enabled": true,
            "resource_group_name": "rg-prj-minsait",
            "service_endpoint_policy_ids": [],
            "service_endpoints": [],
            "timeouts": null,
            "virtual_network_name": "vnet-prj-minsait"
          },
          "sensitive_attributes": [],
          "private": "eyJlMmJmYjczMC1lY2FhLTExZTYtOGY4OC0zNDM2M2JjN2M0YzAiOnsiY3JlYXRlIjoxODAwMDAwMDAwMDAwLCJkZWxldGUiOjE4MDAwMDAwMDAwMDAsInJlYWQiOjMwMDAwMDAwMDAwMCwidXBkYXRlIjoxODAwMDAwMDAwMDAwfX0=",
          "dependencies": [
            "azurerm_resource_group.rg-prj",
            "azurerm_virtual_network.vnet-prj"
          ]
        }
      ]
    },
    {
      "mode": "managed",
      "type": "azurerm_virtual_network",
      "name": "vnet-prj",
      "provider": "provider[\"registry.terraform.io/hashicorp/azurerm\"]",
      "instances": [
        {
          "schema_version": 0,
          "attributes": {
            "address_space": [
              "10.0.0.0/16"
            ],
            "bgp_community": "",
            "ddos_protection_plan": [],
            "dns_servers": [],
            "edge_zone": "",
            "encryption": [],
            "flow_timeout_in_minutes": 0,
            "guid": "6c09b59d-4510-42a5-95e8-b6b8fbae8f17",
            "id": "/subscriptions/1cefc7c3-d7e1-41da-a8fc-b5f51665a363/resourceGroups/rg-prj-minsait/providers/Microsoft.Network/virtualNetworks/vnet-prj-minsait",
            "location": "brazilsouth",
            "name": "vnet-prj-minsait",
            "resource_group_name": "rg-prj-minsait",
            "subnet": [
              {
                "address_prefix": "10.0.2.0/24",
                "id": "/subscriptions/1cefc7c3-d7e1-41da-a8fc-b5f51665a363/resourceGroups/rg-prj-minsait/providers/Microsoft.Network/virtualNetworks/vnet-prj-minsait/subnets/sub-prj-minsait",
                "name": "sub-prj-minsait",
                "security_group": ""
              }
            ],
            "tags": {},
            "timeouts": null
          },
          "sensitive_attributes": [],
          "private": "eyJlMmJmYjczMC1lY2FhLTExZTYtOGY4OC0zNDM2M2JjN2M0YzAiOnsiY3JlYXRlIjoxODAwMDAwMDAwMDAwLCJkZWxldGUiOjE4MDAwMDAwMDAwMDAsInJlYWQiOjMwMDAwMDAwMDAwMCwidXBkYXRlIjoxODAwMDAwMDAwMDAwfX0=",
          "dependencies": [
            "azurerm_resource_group.rg-prj"
          ]
        }
      ]
    }
  ],
  "check_results": null
}
